# @generated by Move, please check-in and do not edit manually.

[move]
version = 0
manifest_digest = "76BDC777670D84D08C899E7DF59A0BE18984035698D0774D34595048978E00B5"
deps_digest = "F8BBB0CCB2491CA29A3DF03D6F92277A4F3574266507ACD77214D37ECA3F3082"

dependencies = [
  { name = "Sui" },
]

[[move.package]]
name = "MoveStdlib"
source = { local = "/Users/panzhi/web3/sui/crates/sui-framework/packages/move-stdlib" }

[[move.package]]
name = "Sui"
source = { local = "/Users/panzhi/web3/sui/crates/sui-framework/packages/sui-framework" }

dependencies = [
  { name = "MoveStdlib" },
]
